
Microsoft Visual Studio Solution File, Format Version 12.00
# Visual Studio Version 17
VisualStudioVersion = 17.9.34607.119
MinimumVisualStudioVersion = 10.0.40219.1
Project("{FAE04EC0-301F-11D3-BF4B-00C04F79EFBC}") = "ApiKhachSan", "ApiKhachSan\ApiKhachSan.csproj", "{9F05D89A-F8E2-425E-A5B2-7F4ADA2B60B5}"
EndProject
Global
	GlobalSection(SolutionConfigurationPlatforms) = preSolution
		Debug|Any CPU = Debug|Any CPU
		Release|Any CPU = Release|Any CPU
	EndGlobalSection
	GlobalSection(ProjectConfigurationPlatforms) = postSolution
		{9F05D89A-F8E2-425E-A5B2-7F4ADA2B60B5}.Debug|Any CPU.ActiveCfg = Debug|Any CPU
		{9F05D89A-F8E2-425E-A5B2-7F4ADA2B60B5}.Debug|Any CPU.Build.0 = Debug|Any CPU
		{9F05D89A-F8E2-425E-A5B2-7F4ADA2B60B5}.Release|Any CPU.ActiveCfg = Release|Any CPU
		{9F05D89A-F8E2-425E-A5B2-7F4ADA2B60B5}.Release|Any CPU.Build.0 = Release|Any CPU
	EndGlobalSection
	GlobalSection(SolutionProperties) = preSolution
		HideSolutionNode = FALSE
	EndGlobalSection
	GlobalSection(ExtensibilityGlobals) = postSolution
		SolutionGuid = {0F39A285-2ED2-4302-A015-9D4CAB5AA53A}
	EndGlobalSection
EndGlobal
